
Microsoft Visual Studio Solution File, Format Version 12.00
# Visual Studio 15
Project("{FAE04EC0-301F-11D3-BF4B-00C04F79EFBC}") = "Assembly-CSharp", "Assembly-CSharp.csproj", "{79050F22-27C6-9FCA-B0D9-D84D5804F4E4}"
EndProject
Global
	GlobalSection(SolutionConfigurationPlatforms) = preSolution
		Debug|Any CPU = Debug|Any CPU
		Release|Any CPU = Release|Any CPU
	EndGlobalSection
	GlobalSection(ProjectConfigurationPlatforms) = postSolution
		{79050F22-27C6-9FCA-B0D9-D84D5804F4E4}.Debug|Any CPU.ActiveCfg = Debug|Any CPU
		{79050F22-27C6-9FCA-B0D9-D84D5804F4E4}.Debug|Any CPU.Build.0 = Debug|Any CPU
		{79050F22-27C6-9FCA-B0D9-D84D5804F4E4}.Release|Any CPU.ActiveCfg = Release|Any CPU
		{79050F22-27C6-9FCA-B0D9-D84D5804F4E4}.Release|Any CPU.Build.0 = Release|Any CPU
	EndGlobalSection
	GlobalSection(SolutionProperties) = preSolution
		HideSolutionNode = FALSE
	EndGlobalSection
EndGlobal
